// !$*UTF8*$!
{
	archiveVersion = 1;
	classes = {
	};
	objectVersion = 50;
	objects = {

/* Begin PBXBuildFile section */
		18070215214B83D200EB3A6F /* block1.c in Sources */ = {isa = PBXBuildFile; fileRef = 18070214214B83D200EB3A6F /* block1.c */; };
		18781F4521363A9A00AE5BAF /* AppDelegate.swift in Sources */ = {isa = PBXBuildFile; fileRef = 18781F4421363A9A00AE5BAF /* AppDelegate.swift */; };
		18781F4721363A9A00AE5BAF /* ViewController.swift in Sources */ = {isa = PBXBuildFile; fileRef = 18781F4621363A9A00AE5BAF /* ViewController.swift */; };
		18781F4A21363A9A00AE5BAF /* Main.storyboard in Resources */ = {isa = PBXBuildFile; fileRef = 18781F4821363A9A00AE5BAF /* Main.storyboard */; };
		18781F4C21363A9D00AE5BAF /* Assets.xcassets in Resources */ = {isa = PBXBuildFile; fileRef = 18781F4B21363A9D00AE5BAF /* Assets.xcassets */; };
		18781F4F21363A9D00AE5BAF /* LaunchScreen.storyboard in Resources */ = {isa = PBXBuildFile; fileRef = 18781F4D21363A9D00AE5BAF /* LaunchScreen.storyboard */; };
/* End PBXBuildFile section */

/* Begin PBXFileReference section */
		18070212214B83D200EB3A6F /* BasicSwiftDemo-Bridging-Header.h */ = {isa = PBXFileReference; lastKnownFileType = sourcecode.c.h; path = "BasicSwiftDemo-Bridging-Header.h"; sourceTree = "<group>"; };
		18070213214B83D200EB3A6F /* block1.h */ = {isa = PBXFileReference; lastKnownFileType = sourcecode.c.h; path = block1.h; sourceTree = "<group>"; };
		18070214214B83D200EB3A6F /* block1.c */ = {isa = PBXFileReference; lastKnownFileType = sourcecode.c.c; path = block1.c; sourceTree = "<group>"; };
		18781F4121363A9A00AE5BAF /* BasicSwiftDemo.app */ = {isa = PBXFileReference; explicitFileType = wrapper.application; includeInIndex = 0; path = BasicSwiftDemo.app; sourceTree = BUILT_PRODUCTS_DIR; };
		18781F4421363A9A00AE5BAF /* AppDelegate.swift */ = {isa = PBXFileReference; lastKnownFileType = sourcecode.swift; path = AppDelegate.swift; sourceTree = "<group>"; };
		18781F4621363A9A00AE5BAF /* ViewController.swift */ = {isa = PBXFileReference; lastKnownFileType = sourcecode.swift; path = ViewController.swift; sourceTree = "<group>"; };
		18781F4921363A9A00AE5BAF /* Base */ = {isa = PBXFileReference; lastKnownFileType = file.storyboard; name = Base; path = Base.lproj/Main.storyboard; sourceTree = "<group>"; };
		18781F4B21363A9D00AE5BAF /* Assets.xcassets */ = {isa = PBXFileReference; lastKnownFileType = folder.assetcatalog; path = Assets.xcassets; sourceTree = "<group>"; };
		18781F4E21363A9D00AE5BAF /* Base */ = {isa = PBXFileReference; lastKnownFileType = file.storyboard; name = Base; path = Base.lproj/LaunchScreen.storyboard; sourceTree = "<group>"; };
		18781F5021363A9D00AE5BAF /* Info.plist */ = {isa = PBXFileReference; lastKnownFileType = text.plist.xml; path = Info.plist; sourceTree = "<group>"; };
/* End PBXFileReference section */

/* Begin PBXFrameworksBuildPhase section */
		18781F3E21363A9A00AE5BAF /* Frameworks */ = {
			isa = PBXFrameworksBuildPhase;
			buildActionMask = 2147483647;
			files = (
			);
			runOnlyForDeploymentPostprocessing = 0;
		};
/* End PBXFrameworksBuildPhase section */

/* Begin PBXGroup section */
		18781F3821363A9A00AE5BAF = {
			isa = PBXGroup;
			children = (
				18070213214B83D200EB3A6F /* block1.h */,
				18070214214B83D200EB3A6F /* block1.c */,
				18781F4321363A9A00AE5BAF /* BasicSwiftDemo */,
				18781F4221363A9A00AE5BAF /* Products */,
				18070212214B83D200EB3A6F /* BasicSwiftDemo-Bridging-Header.h */,
			);
			sourceTree = "<group>";
		};
		18781F4221363A9A00AE5BAF /* Products */ = {
			isa = PBXGroup;
			children = (
				18781F4121363A9A00AE5BAF /* BasicSwiftDemo.app */,
			);
			name = Products;
			sourceTree = "<group>";
		};
		18781F4321363A9A00AE5BAF /* BasicSwiftDemo */ = {
			isa = PBXGroup;
			children = (
				18781F4421363A9A00AE5BAF /* AppDelegate.swift */,
				18781F4621363A9A00AE5BAF /* ViewController.swift */,
				18781F4821363A9A00AE5BAF /* Main.storyboard */,
				18781F4B21363A9D00AE5BAF /* Assets.xcassets */,
				18781F4D21363A9D00AE5BAF /* LaunchScreen.storyboard */,
				18781F5021363A9D00AE5BAF /* Info.plist */,
			);
			path = BasicSwiftDemo;
			sourceTree = "<group>";
		};
/* End PBXGroup section */

/* Begin PBXNativeTarget section */
		18781F4021363A9A00AE5BAF /* BasicSwiftDemo */ = {
			isa = PBXNativeTarget;
			buildConfigurationList = 18781F5321363A9D00AE5BAF /* Build configuration list for PBXNativeTarget "BasicSwiftDemo" */;
			buildPhases = (
				18781F3D21363A9A00AE5BAF /* Sources */,
				18781F3E21363A9A00AE5BAF /* Frameworks */,
				18781F3F21363A9A00AE5BAF /* Resources */,
			);
			buildRules = (
			);
			dependencies = (
			);
			name = BasicSwiftDemo;
			productName = BasicSwiftDemo;
			productReference = 18781F4121363A9A00AE5BAF /* BasicSwiftDemo.app */;
			productType = "com.apple.product-type.application";
		};
/* End PBXNativeTarget section */

/* Begin PBXProject section */
		18781F3921363A9A00AE5BAF /* Project object */ = {
			isa = PBXProject;
			attributes = {
				LastSwiftUpdateCheck = 0940;
				LastUpgradeCheck = 0940;
				ORGANIZATIONNAME = apple;
				TargetAttributes = {
					18781F4021363A9A00AE5BAF = {
						CreatedOnToolsVersion = 9.4.1;
						LastSwiftMigration = 0940;
					};
				};
			};
			buildConfigurationList = 18781F3C21363A9A00AE5BAF /* Build configuration list for PBXProject "BasicSwiftDemo" */;
			compatibilityVersion = "Xcode 9.3";
			developmentRegion = en;
			hasScannedForEncodings = 0;
			knownRegions = (
				en,
				Base,
			);
			mainGroup = 18781F3821363A9A00AE5BAF;
			productRefGroup = 18781F4221363A9A00AE5BAF /* Products */;
			projectDirPath = "";
			projectRoot = "";
			targets = (
				18781F4021363A9A00AE5BAF /* BasicSwiftDemo */,
			);
		};
/* End PBXProject section */

/* Begin PBXResourcesBuildPhase section */
		18781F3F21363A9A00AE5BAF /* Resources */ = {
			isa = PBXResourcesBuildPhase;
			buildActionMask = 2147483647;
			files = (
				18781F4F21363A9D00AE5BAF /* LaunchScreen.storyboard in Resources */,
				18781F4C21363A9D00AE5BAF /* Assets.xcassets in Resources */,
				18781F4A21363A9A00AE5BAF /* Main.storyboard in Resources */,
			);
			runOnlyForDeploymentPostprocessing = 0;
		};
/* End PBXResourcesBuildPhase section */

/* Begin PBXSourcesBuildPhase section */
		18781F3D21363A9A00AE5BAF /* Sources */ = {
			isa = PBXSourcesBuildPhase;
			buildActionMask = 2147483647;
			files = (
				18070215214B83D200EB3A6F /* block1.c in Sources */,
				18781F4721363A9A00AE5BAF /* ViewController.swift in Sources */,
				18781F4521363A9A00AE5BAF /* AppDelegate.swift in Sources */,
			);
			runOnlyForDeploymentPostprocessing = 0;
		};
/* End PBXSourcesBuildPhase section */

/* Begin PBXVariantGroup section */
		18781F4821363A9A00AE5BAF /* Main.storyboard */ = {
			isa = PBXVariantGroup;
			children = (
				18781F4921363A9A00AE5BAF /* Base */,
			);
			name = Main.storyboard;
			sourceTree = "<group>";
		};
		18781F4D21363A9D00AE5BAF /* LaunchScreen.storyboard */ = {
			isa = PBXVariantGroup;
			children = (
				18781F4E21363A9D00AE5BAF /* Base */,
			);
			name = LaunchScreen.storyboard;
			sourceTree = "<group>";
		};
/* End PBXVariantGroup section */

/* Begin XCBuildConfiguration section */
		18781F5121363A9D00AE5BAF /* Debug */ = {
			isa = XCBuildConfiguration;
			buildSettings = {
				ALWAYS_SEARCH_USER_PATHS = NO;
				CLANG_ANALYZER_NONNULL = YES;
				CLANG_ANALYZER_NUMBER_OBJECT_CONVERSION = YES_AGGRESSIVE;
				CLANG_CXX_LANGUAGE_STANDARD = "gnu++14";
				CLANG_CXX_LIBRARY = "libc++";
				CLANG_ENABLE_MODULES = YES;
				CLANG_ENABLE_OBJC_ARC = YES;
				CLANG_ENABLE_OBJC_WEAK = YES;
				CLANG_WARN_BLOCK_CAPTURE_AUTORELEASING = YES;
				CLANG_WARN_BOOL_CONVERSION = YES;
				CLANG_WARN_COMMA = YES;
				CLANG_WARN_CONSTANT_CONVERSION = YES;
				CLANG_WARN_DEPRECATED_OBJC_IMPLEMENTATIONS = YES;
				CLANG_WARN_DIRECT_OBJC_ISA_USAGE = YES_ERROR;
				CLANG_WARN_DOCUMENTATION_COMMENTS = YES;
				CLANG_WARN_EMPTY_BODY = YES;
				CLANG_WARN_ENUM_CONVERSION = YES;
				CLANG_WARN_INFINITE_RECURSION = YES;
				CLANG_WARN_INT_CONVERSION = YES;
				CLANG_WARN_NON_LITERAL_NULL_CONVERSION = YES;
				CLANG_WARN_OBJC_IMPLICIT_RETAIN_SELF = YES;
				CLANG_WARN_OBJC_LITERAL_CONVERSION = YES;
				CLANG_WARN_OBJC_ROOT_CLASS = YES_ERROR;
				CLANG_WARN_RANGE_LOOP_ANALYSIS = YES;
				CLANG_WARN_STRICT_PROTOTYPES = YES;
				CLANG_WARN_SUSPICIOUS_MOVE = YES;
				CLANG_WARN_UNGUARDED_AVAILABILITY = YES_AGGRESSIVE;
				CLANG_WARN_UNREACHABLE_CODE = YES;
				CLANG_WARN__DUPLICATE_METHOD_MATCH = YES;
				CODE_SIGN_IDENTITY = "iPhone Developer";
				COPY_PHASE_STRIP = NO;
				DEBUG_INFORMATION_FORMAT = dwarf;
				ENABLE_STRICT_OBJC_MSGSEND = YES;
				ENABLE_TESTABILITY = YES;
				GCC_C_LANGUAGE_STANDARD = gnu11;
				GCC_DYNAMIC_NO_PIC = NO;
				GCC_NO_COMMON_BLOCKS = YES;
				GCC_OPTIMIZATION_LEVEL = 0;
				GCC_PREPROCESSOR_DEFINITIONS = (
					"DEBUG=1",
					"$(inherited)",
				);
				GCC_WARN_64_TO_32_BIT_CONVERSION = YES;
				GCC_WARN_ABOUT_RETURN_TYPE = YES_ERROR;
				GCC_WARN_UNDECLARED_SELECTOR = YES;
				GCC_WARN_UNINITIALIZED_AUTOS = YES_AGGRESSIVE;
				GCC_WARN_UNUSED_FUNCTION = YES;
				GCC_WARN_UNUSED_VARIABLE = YES;
				IPHONEOS_DEPLOYMENT_TARGET = 11.4;
				MTL_ENABLE_DEBUG_INFO = YES;
				ONLY_ACTIVE_ARCH = YES;
				SDKROOT = iphoneos;
				SWIFT_ACTIVE_COMPILATION_CONDITIONS = DEBUG;
				SWIFT_OPTIMIZATION_LEVEL = "-Onone";
			};
			name = Debug;
		};
		18781F5221363A9D00AE5BAF /* Release */ = {
			isa = XCBuildConfiguration;
			buildSettings = {
				ALWAYS_SEARCH_USER_PATHS = NO;
				CLANG_ANALYZER_NONNULL = YES;
				CLANG_ANALYZER_NUMBER_OBJECT_CONVERSION = YES_AGGRESSIVE;
				CLANG_CXX_LANGUAGE_STANDARD = "gnu++14";
				CLANG_CXX_LIBRARY = "libc++";
				CLANG_ENABLE_MODULES = YES;
				CLANG_ENABLE_OBJC_ARC = YES;
				CLANG_ENABLE_OBJC_WEAK = YES;
				CLANG_WARN_BLOCK_CAPTURE_AUTORELEASING = YES;
				CLANG_WARN_BOOL_CONVERSION = YES;
				CLANG_WARN_COMMA = YES;
				CLANG_WARN_CONSTANT_CONVERSION = YES;
				CLANG_WARN_DEPRECATED_OBJC_IMPLEMENTATIONS = YES;
				CLANG_WARN_DIRECT_OBJC_ISA_USAGE = YES_ERROR;
				CLANG_WARN_DOCUMENTATION_COMMENTS = YES;
				CLANG_WARN_EMPTY_BODY = YES;
				CLANG_WARN_ENUM_CONVERSION = YES;
				CLANG_WARN_INFINITE_RECURSION = YES;
				CLANG_WARN_INT_CONVERSION = YES;
				CLANG_WARN_NON_LITERAL_NULL_CONVERSION = YES;
				CLANG_WARN_OBJC_IMPLICIT_RETAIN_SELF = YES;
				CLANG_WARN_OBJC_LITERAL_CONVERSION = YES;
				CLANG_WARN_OBJC_ROOT_CLASS = YES_ERROR;
				CLANG_WARN_RANGE_LOOP_ANALYSIS = YES;
				CLANG_WARN_STRICT_PROTOTYPES = YES;
				CLANG_WARN_SUSPICIOUS_MOVE = YES;
				CLANG_WARN_UNGUARDED_AVAILABILITY = YES_AGGRESSIVE;
				CLANG_WARN_UNREACHABLE_CODE = YES;
				CLANG_WARN__DUPLICATE_METHOD_MATCH = YES;
				CODE_SIGN_IDENTITY = "iPhone Developer";
				COPY_PHASE_STRIP = NO;
				DEBUG_INFORMATION_FORMAT = "dwarf-with-dsym";
				ENABLE_NS_ASSERTIONS = NO;
				ENABLE_STRICT_OBJC_MSGSEND = YES;
				GCC_C_LANGUAGE_STANDARD = gnu11;
				GCC_NO_COMMON_BLOCKS = YES;
				GCC_WARN_64_TO_32_BIT_CONVERSION = YES;
				GCC_WARN_ABOUT_RETURN_TYPE = YES_ERROR;
				GCC_WARN_UNDECLARED_SELECTOR = YES;
				GCC_WARN_UNINITIALIZED_AUTOS = YES_AGGRESSIVE;
				GCC_WARN_UNUSED_FUNCTION = YES;
				GCC_WARN_UNUSED_VARIABLE = YES;
				IPHONEOS_DEPLOYMENT_TARGET = 11.4;
				MTL_ENABLE_DEBUG_INFO = NO;
				SDKROOT = iphoneos;
				SWIFT_COMPILATION_MODE = wholemodule;
				SWIFT_OPTIMIZATION_LEVEL = "-O";
				VALIDATE_PRODUCT = YES;
			};
			name = Release;
		};
		18781F5421363A9D00AE5BAF /* Debug */ = {
			isa = XCBuildConfiguration;
			buildSettings = {
				ASSETCATALOG_COMPILER_APPICON_NAME = AppIcon;
				ASSETCATALOG_COMPILER_LAUNCHIMAGE_NAME = LaunchImage;
				CLANG_ENABLE_MODULES = YES;
				CODE_SIGN_STYLE = Automatic;
				DEVELOPMENT_TEAM = 3UQYN8PD89;
				INFOPLIST_FILE = BasicSwiftDemo/Info.plist;
				LD_RUNPATH_SEARCH_PATHS = (
					"$(inherited)",
					"@executable_path/Frameworks",
				);
				PRODUCT_BUNDLE_IDENTIFIER = com.crystal.BasicSwiftDemo;
				PRODUCT_NAME = "$(TARGET_NAME)";
				SWIFT_OBJC_BRIDGING_HEADER = "BasicSwiftDemo-Bridging-Header.h";
				SWIFT_OPTIMIZATION_LEVEL = "-Onone";
				SWIFT_VERSION = 4.0;
				TARGETED_DEVICE_FAMILY = "1,2";
			};
			name = Debug;
		};
		18781F5521363A9D00AE5BAF /* Release */ = {
			isa = XCBuildConfiguration;
			buildSettings = {
				ASSETCATALOG_COMPILER_APPICON_NAME = AppIcon;
				ASSETCATALOG_COMPILER_LAUNCHIMAGE_NAME = LaunchImage;
				CLANG_ENABLE_MODULES = YES;
				CODE_SIGN_STYLE = Automatic;
				DEVELOPMENT_TEAM = 3UQYN8PD89;
				INFOPLIST_FILE = BasicSwiftDemo/Info.plist;
				LD_RUNPATH_SEARCH_PATHS = (
					"$(inherited)",
					"@executable_path/Frameworks",
				);
				PRODUCT_BUNDLE_IDENTIFIER = com.crystal.BasicSwiftDemo;
				PRODUCT_NAME = "$(TARGET_NAME)";
				SWIFT_OBJC_BRIDGING_HEADER = "BasicSwiftDemo-Bridging-Header.h";
				SWIFT_VERSION = 4.0;
				TARGETED_DEVICE_FAMILY = "1,2";
			};
			name = Release;
		};
/* End XCBuildConfiguration section */

/* Begin XCConfigurationList section */
		18781F3C21363A9A00AE5BAF /* Build configuration list for PBXProject "BasicSwiftDemo" */ = {
			isa = XCConfigurationList;
			buildConfigurations = (
				18781F5121363A9D00AE5BAF /* Debug */,
				18781F5221363A9D00AE5BAF /* Release */,
			);
			defaultConfigurationIsVisible = 0;
			defaultConfigurationName = Release;
		};
		18781F5321363A9D00AE5BAF /* Build configuration list for PBXNativeTarget "BasicSwiftDemo" */ = {
			isa = XCConfigurationList;
			buildConfigurations = (
				18781F5421363A9D00AE5BAF /* Debug */,
				18781F5521363A9D00AE5BAF /* Release */,
			);
			defaultConfigurationIsVisible = 0;
			defaultConfigurationName = Release;
		};
/* End XCConfigurationList section */
	};
	rootObject = 18781F3921363A9A00AE5BAF /* Project object */;
}
